
Microsoft Visual Studio Solution File, Format Version 12.00
# Visual Studio Version 17
VisualStudioVersion = 17.8.34330.188
MinimumVisualStudioVersion = 10.0.40219.1
Project("{FAE04EC0-301F-11D3-BF4B-00C04F79EFBC}") = "HomeworkMethods2", "HomeworkMethods2\HomeworkMethods2.csproj", "{0C3190EB-CDAC-4D99-B884-69EFA7BACBBA}"
EndProject
Global
	GlobalSection(SolutionConfigurationPlatforms) = preSolution
		Debug|Any CPU = Debug|Any CPU
		Release|Any CPU = Release|Any CPU
	EndGlobalSection
	GlobalSection(ProjectConfigurationPlatforms) = postSolution
		{0C3190EB-CDAC-4D99-B884-69EFA7BACBBA}.Debug|Any CPU.ActiveCfg = Debug|Any CPU
		{0C3190EB-CDAC-4D99-B884-69EFA7BACBBA}.Debug|Any CPU.Build.0 = Debug|Any CPU
		{0C3190EB-CDAC-4D99-B884-69EFA7BACBBA}.Release|Any CPU.ActiveCfg = Release|Any CPU
		{0C3190EB-CDAC-4D99-B884-69EFA7BACBBA}.Release|Any CPU.Build.0 = Release|Any CPU
	EndGlobalSection
	GlobalSection(SolutionProperties) = preSolution
		HideSolutionNode = FALSE
	EndGlobalSection
	GlobalSection(ExtensibilityGlobals) = postSolution
		SolutionGuid = {29C89B1E-8F9E-4668-B6AA-19FDF3767CCE}
	EndGlobalSection
EndGlobal
